
Microsoft Visual Studio Solution File, Format Version 12.00
# Visual Studio Version 17
VisualStudioVersion = 17.10.34707.107
MinimumVisualStudioVersion = 10.0.40219.1
Project("{FAE04EC0-301F-11D3-BF4B-00C04F79EFBC}") = "LedControleLinuxBlazor", "LedControleLinuxBlazor\LedControleLinuxBlazor\LedControleLinuxBlazor.csproj", "{BC34A2E0-4ACB-44D6-B5D2-FE7156D75529}"
EndProject
Project("{FAE04EC0-301F-11D3-BF4B-00C04F79EFBC}") = "LedControleLinuxBlazor.Client", "LedControleLinuxBlazor\LedControleLinuxBlazor.Client\LedControleLinuxBlazor.Client.csproj", "{A09E10A0-D509-453B-AD52-4265C38BD782}"
EndProject
Global
	GlobalSection(SolutionConfigurationPlatforms) = preSolution
		Debug|Any CPU = Debug|Any CPU
		Release|Any CPU = Release|Any CPU
	EndGlobalSection
	GlobalSection(ProjectConfigurationPlatforms) = postSolution
		{BC34A2E0-4ACB-44D6-B5D2-FE7156D75529}.Debug|Any CPU.ActiveCfg = Debug|Any CPU
		{BC34A2E0-4ACB-44D6-B5D2-FE7156D75529}.Debug|Any CPU.Build.0 = Debug|Any CPU
		{BC34A2E0-4ACB-44D6-B5D2-FE7156D75529}.Release|Any CPU.ActiveCfg = Release|Any CPU
		{BC34A2E0-4ACB-44D6-B5D2-FE7156D75529}.Release|Any CPU.Build.0 = Release|Any CPU
		{A09E10A0-D509-453B-AD52-4265C38BD782}.Debug|Any CPU.ActiveCfg = Debug|Any CPU
		{A09E10A0-D509-453B-AD52-4265C38BD782}.Debug|Any CPU.Build.0 = Debug|Any CPU
		{A09E10A0-D509-453B-AD52-4265C38BD782}.Release|Any CPU.ActiveCfg = Release|Any CPU
		{A09E10A0-D509-453B-AD52-4265C38BD782}.Release|Any CPU.Build.0 = Release|Any CPU
	EndGlobalSection
	GlobalSection(SolutionProperties) = preSolution
		HideSolutionNode = FALSE
	EndGlobalSection
	GlobalSection(ExtensibilityGlobals) = postSolution
		SolutionGuid = {312EB884-3358-43D9-AC5E-D312523408A5}
	EndGlobalSection
EndGlobal
